# THIS IS AN AUTOGENERATED FILE. DO NOT EDIT THIS FILE DIRECTLY.
# yarn lockfile v1


"@vant/weapp@^1.10.19":
  version "1.10.19"
  resolved "https://registry.npmmirror.com/@vant/weapp/-/weapp-1.10.19.tgz#539bb7e4d82ff578ae25268d3d638244521c7add"
  integrity sha512-RStOPlSELi9lqim9dGagguViUVMNnfZaEceZ248JZgPjn5TzL2nwwHGWl9VI69SBPC+5MPS+LXm7Z4jcdscFeg==

hy-event-store@^1.3.1:
  version "1.3.1"
  resolved "https://registry.npmmirror.com/hy-event-store/-/hy-event-store-1.3.1.tgz#a04823025fd99246c05999606e36f19c379057df"
  integrity sha512-uD+14mz4ONiAs9cX/csjUJ2pHTPFciE3JvIbZ+lsbaXopZWbnETEjwJ0a4l5GqNGcltcW3gJjlnUXCJPBoABfg==
